// !$*UTF8*$!
{
	archiveVersion = 1;
	classes = {
	};
	objectVersion = 46;
	objects = {

/* Begin PBXBuildFile section */
		6D7EB85B1B01E34B001D08D3 /* AppDelegate.swift in Sources */ = {isa = PBXBuildFile; fileRef = 6D7EB85A1B01E34B001D08D3 /* AppDelegate.swift */; };
		6D7EB85D1B01E34B001D08D3 /* ViewController.swift in Sources */ = {isa = PBXBuildFile; fileRef = 6D7EB85C1B01E34B001D08D3 /* ViewController.swift */; };
		6D7EB8601B01E34B001D08D3 /* Main.storyboard in Resources */ = {isa = PBXBuildFile; fileRef = 6D7EB85E1B01E34B001D08D3 /* Main.storyboard */; };
		6D7EB8621B01E34B001D08D3 /* Images.xcassets in Resources */ = {isa = PBXBuildFile; fileRef = 6D7EB8611B01E34B001D08D3 /* Images.xcassets */; };
		6D7EB8651B01E34B001D08D3 /* LaunchScreen.xib in Resources */ = {isa = PBXBuildFile; fileRef = 6D7EB8631B01E34B001D08D3 /* LaunchScreen.xib */; };
		6D7EB8711B01E34B001D08D3 /* SwiftThicknessPickerTests.swift in Sources */ = {isa = PBXBuildFile; fileRef = 6D7EB8701B01E34B001D08D3 /* SwiftThicknessPickerTests.swift */; };
		6D7EB87B1B01E3C8001D08D3 /* SwiftThicknessPicker.swift in Sources */ = {isa = PBXBuildFile; fileRef = 6D7EB87A1B01E3C8001D08D3 /* SwiftThicknessPicker.swift */; };
/* End PBXBuildFile section */

/* Begin PBXContainerItemProxy section */
		6D7EB86B1B01E34B001D08D3 /* PBXContainerItemProxy */ = {
			isa = PBXContainerItemProxy;
			containerPortal = 6D7EB84D1B01E34B001D08D3 /* Project object */;
			proxyType = 1;
			remoteGlobalIDString = 6D7EB8541B01E34B001D08D3;
			remoteInfo = SwiftThicknessPicker;
		};
/* End PBXContainerItemProxy section */

/* Begin PBXFileReference section */
		6D7EB8551B01E34B001D08D3 /* SwiftThicknessPicker.app */ = {isa = PBXFileReference; explicitFileType = wrapper.application; includeInIndex = 0; path = SwiftThicknessPicker.app; sourceTree = BUILT_PRODUCTS_DIR; };
		6D7EB8591B01E34B001D08D3 /* Info.plist */ = {isa = PBXFileReference; lastKnownFileType = text.plist.xml; path = Info.plist; sourceTree = "<group>"; };
		6D7EB85A1B01E34B001D08D3 /* AppDelegate.swift */ = {isa = PBXFileReference; lastKnownFileType = sourcecode.swift; path = AppDelegate.swift; sourceTree = "<group>"; };
		6D7EB85C1B01E34B001D08D3 /* ViewController.swift */ = {isa = PBXFileReference; lastKnownFileType = sourcecode.swift; path = ViewController.swift; sourceTree = "<group>"; };
		6D7EB85F1B01E34B001D08D3 /* Base */ = {isa = PBXFileReference; lastKnownFileType = file.storyboard; name = Base; path = Base.lproj/Main.storyboard; sourceTree = "<group>"; };
		6D7EB8611B01E34B001D08D3 /* Images.xcassets */ = {isa = PBXFileReference; lastKnownFileType = folder.assetcatalog; path = Images.xcassets; sourceTree = "<group>"; };
		6D7EB8641B01E34B001D08D3 /* Base */ = {isa = PBXFileReference; lastKnownFileType = file.xib; name = Base; path = Base.lproj/LaunchScreen.xib; sourceTree = "<group>"; };
		6D7EB86A1B01E34B001D08D3 /* SwiftThicknessPickerTests.xctest */ = {isa = PBXFileReference; explicitFileType = wrapper.cfbundle; includeInIndex = 0; path = SwiftThicknessPickerTests.xctest; sourceTree = BUILT_PRODUCTS_DIR; };
		6D7EB86F1B01E34B001D08D3 /* Info.plist */ = {isa = PBXFileReference; lastKnownFileType = text.plist.xml; path = Info.plist; sourceTree = "<group>"; };
		6D7EB8701B01E34B001D08D3 /* SwiftThicknessPickerTests.swift */ = {isa = PBXFileReference; lastKnownFileType = sourcecode.swift; path = SwiftThicknessPickerTests.swift; sourceTree = "<group>"; };
		6D7EB87A1B01E3C8001D08D3 /* SwiftThicknessPicker.swift */ = {isa = PBXFileReference; fileEncoding = 4; lastKnownFileType = sourcecode.swift; name = SwiftThicknessPicker.swift; path = Sources/SwiftThicknessPicker.swift; sourceTree = "<group>"; };
/* End PBXFileReference section */

/* Begin PBXFrameworksBuildPhase section */
		6D7EB8521B01E34B001D08D3 /* Frameworks */ = {
			isa = PBXFrameworksBuildPhase;
			buildActionMask = 2147483647;
			files = (
			);
			runOnlyForDeploymentPostprocessing = 0;
		};
		6D7EB8671B01E34B001D08D3 /* Frameworks */ = {
			isa = PBXFrameworksBuildPhase;
			buildActionMask = 2147483647;
			files = (
			);
			runOnlyForDeploymentPostprocessing = 0;
		};
/* End PBXFrameworksBuildPhase section */

/* Begin PBXGroup section */
		6D7EB84C1B01E34B001D08D3 = {
			isa = PBXGroup;
			children = (
				6D7EB8571B01E34B001D08D3 /* SwiftThicknessPicker */,
				6D7EB86D1B01E34B001D08D3 /* SwiftThicknessPickerTests */,
				6D7EB8561B01E34B001D08D3 /* Products */,
			);
			sourceTree = "<group>";
		};
		6D7EB8561B01E34B001D08D3 /* Products */ = {
			isa = PBXGroup;
			children = (
				6D7EB8551B01E34B001D08D3 /* SwiftThicknessPicker.app */,
				6D7EB86A1B01E34B001D08D3 /* SwiftThicknessPickerTests.xctest */,
			);
			name = Products;
			sourceTree = "<group>";
		};
		6D7EB8571B01E34B001D08D3 /* SwiftThicknessPicker */ = {
			isa = PBXGroup;
			children = (
				6D7EB87A1B01E3C8001D08D3 /* SwiftThicknessPicker.swift */,
				6D7EB85A1B01E34B001D08D3 /* AppDelegate.swift */,
				6D7EB85C1B01E34B001D08D3 /* ViewController.swift */,
				6D7EB8631B01E34B001D08D3 /* LaunchScreen.xib */,
				6D7EB85E1B01E34B001D08D3 /* Main.storyboard */,
				6D7EB8611B01E34B001D08D3 /* Images.xcassets */,
				6D7EB8581B01E34B001D08D3 /* Supporting Files */,
			);
			path = SwiftThicknessPicker;
			sourceTree = "<group>";
		};
		6D7EB8581B01E34B001D08D3 /* Supporting Files */ = {
			isa = PBXGroup;
			children = (
				6D7EB8591B01E34B001D08D3 /* Info.plist */,
			);
			name = "Supporting Files";
			sourceTree = "<group>";
		};
		6D7EB86D1B01E34B001D08D3 /* SwiftThicknessPickerTests */ = {
			isa = PBXGroup;
			children = (
				6D7EB8701B01E34B001D08D3 /* SwiftThicknessPickerTests.swift */,
				6D7EB86E1B01E34B001D08D3 /* Supporting Files */,
			);
			path = SwiftThicknessPickerTests;
			sourceTree = "<group>";
		};
		6D7EB86E1B01E34B001D08D3 /* Supporting Files */ = {
			isa = PBXGroup;
			children = (
				6D7EB86F1B01E34B001D08D3 /* Info.plist */,
			);
			name = "Supporting Files";
			sourceTree = "<group>";
		};
/* End PBXGroup section */

/* Begin PBXNativeTarget section */
		6D7EB8541B01E34B001D08D3 /* SwiftThicknessPicker */ = {
			isa = PBXNativeTarget;
			buildConfigurationList = 6D7EB8741B01E34B001D08D3 /* Build configuration list for PBXNativeTarget "SwiftThicknessPicker" */;
			buildPhases = (
				6D7EB8511B01E34B001D08D3 /* Sources */,
				6D7EB8521B01E34B001D08D3 /* Frameworks */,
				6D7EB8531B01E34B001D08D3 /* Resources */,
			);
			buildRules = (
			);
			dependencies = (
			);
			name = SwiftThicknessPicker;
			productName = SwiftThicknessPicker;
			productReference = 6D7EB8551B01E34B001D08D3 /* SwiftThicknessPicker.app */;
			productType = "com.apple.product-type.application";
		};
		6D7EB8691B01E34B001D08D3 /* SwiftThicknessPickerTests */ = {
			isa = PBXNativeTarget;
			buildConfigurationList = 6D7EB8771B01E34B001D08D3 /* Build configuration list for PBXNativeTarget "SwiftThicknessPickerTests" */;
			buildPhases = (
				6D7EB8661B01E34B001D08D3 /* Sources */,
				6D7EB8671B01E34B001D08D3 /* Frameworks */,
				6D7EB8681B01E34B001D08D3 /* Resources */,
			);
			buildRules = (
			);
			dependencies = (
				6D7EB86C1B01E34B001D08D3 /* PBXTargetDependency */,
			);
			name = SwiftThicknessPickerTests;
			productName = SwiftThicknessPickerTests;
			productReference = 6D7EB86A1B01E34B001D08D3 /* SwiftThicknessPickerTests.xctest */;
			productType = "com.apple.product-type.bundle.unit-test";
		};
/* End PBXNativeTarget section */

/* Begin PBXProject section */
		6D7EB84D1B01E34B001D08D3 /* Project object */ = {
			isa = PBXProject;
			attributes = {
				LastSwiftMigration = 0700;
				LastSwiftUpdateCheck = 0700;
				LastUpgradeCheck = 0800;
				ORGANIZATIONNAME = "Maxim Bilan";
				TargetAttributes = {
					6D7EB8541B01E34B001D08D3 = {
						CreatedOnToolsVersion = 6.3.1;
						LastSwiftMigration = 0800;
					};
					6D7EB8691B01E34B001D08D3 = {
						CreatedOnToolsVersion = 6.3.1;
						LastSwiftMigration = 0800;
						TestTargetID = 6D7EB8541B01E34B001D08D3;
					};
				};
			};
			buildConfigurationList = 6D7EB8501B01E34B001D08D3 /* Build configuration list for PBXProject "SwiftThicknessPicker" */;
			compatibilityVersion = "Xcode 3.2";
			developmentRegion = English;
			hasScannedForEncodings = 0;
			knownRegions = (
				en,
				Base,
			);
			mainGroup = 6D7EB84C1B01E34B001D08D3;
			productRefGroup = 6D7EB8561B01E34B001D08D3 /* Products */;
			projectDirPath = "";
			projectRoot = "";
			targets = (
				6D7EB8541B01E34B001D08D3 /* SwiftThicknessPicker */,
				6D7EB8691B01E34B001D08D3 /* SwiftThicknessPickerTests */,
			);
		};
/* End PBXProject section */

/* Begin PBXResourcesBuildPhase section */
		6D7EB8531B01E34B001D08D3 /* Resources */ = {
			isa = PBXResourcesBuildPhase;
			buildActionMask = 2147483647;
			files = (
				6D7EB8601B01E34B001D08D3 /* Main.storyboard in Resources */,
				6D7EB8651B01E34B001D08D3 /* LaunchScreen.xib in Resources */,
				6D7EB8621B01E34B001D08D3 /* Images.xcassets in Resources */,
			);
			runOnlyForDeploymentPostprocessing = 0;
		};
		6D7EB8681B01E34B001D08D3 /* Resources */ = {
			isa = PBXResourcesBuildPhase;
			buildActionMask = 2147483647;
			files = (
			);
			runOnlyForDeploymentPostprocessing = 0;
		};
/* End PBXResourcesBuildPhase section */

/* Begin PBXSourcesBuildPhase section */
		6D7EB8511B01E34B001D08D3 /* Sources */ = {
			isa = PBXSourcesBuildPhase;
			buildActionMask = 2147483647;
			files = (
				6D7EB85D1B01E34B001D08D3 /* ViewController.swift in Sources */,
				6D7EB85B1B01E34B001D08D3 /* AppDelegate.swift in Sources */,
				6D7EB87B1B01E3C8001D08D3 /* SwiftThicknessPicker.swift in Sources */,
			);
			runOnlyForDeploymentPostprocessing = 0;
		};
		6D7EB8661B01E34B001D08D3 /* Sources */ = {
			isa = PBXSourcesBuildPhase;
			buildActionMask = 2147483647;
			files = (
				6D7EB8711B01E34B001D08D3 /* SwiftThicknessPickerTests.swift in Sources */,
			);
			runOnlyForDeploymentPostprocessing = 0;
		};
/* End PBXSourcesBuildPhase section */

/* Begin PBXTargetDependency section */
		6D7EB86C1B01E34B001D08D3 /* PBXTargetDependency */ = {
			isa = PBXTargetDependency;
			target = 6D7EB8541B01E34B001D08D3 /* SwiftThicknessPicker */;
			targetProxy = 6D7EB86B1B01E34B001D08D3 /* PBXContainerItemProxy */;
		};
/* End PBXTargetDependency section */

/* Begin PBXVariantGroup section */
		6D7EB85E1B01E34B001D08D3 /* Main.storyboard */ = {
			isa = PBXVariantGroup;
			children = (
				6D7EB85F1B01E34B001D08D3 /* Base */,
			);
			name = Main.storyboard;
			sourceTree = "<group>";
		};
		6D7EB8631B01E34B001D08D3 /* LaunchScreen.xib */ = {
			isa = PBXVariantGroup;
			children = (
				6D7EB8641B01E34B001D08D3 /* Base */,
			);
			name = LaunchScreen.xib;
			sourceTree = "<group>";
		};
/* End PBXVariantGroup section */

/* Begin XCBuildConfiguration section */
		6D7EB8721B01E34B001D08D3 /* Debug */ = {
			isa = XCBuildConfiguration;
			buildSettings = {
				ALWAYS_SEARCH_USER_PATHS = NO;
				CLANG_CXX_LANGUAGE_STANDARD = "gnu++0x";
				CLANG_CXX_LIBRARY = "libc++";
				CLANG_ENABLE_MODULES = YES;
				CLANG_ENABLE_OBJC_ARC = YES;
				CLANG_WARN_BOOL_CONVERSION = YES;
				CLANG_WARN_CONSTANT_CONVERSION = YES;
				CLANG_WARN_DIRECT_OBJC_ISA_USAGE = YES_ERROR;
				CLANG_WARN_EMPTY_BODY = YES;
				CLANG_WARN_ENUM_CONVERSION = YES;
				CLANG_WARN_INFINITE_RECURSION = YES;
				CLANG_WARN_INT_CONVERSION = YES;
				CLANG_WARN_OBJC_ROOT_CLASS = YES_ERROR;
				CLANG_WARN_SUSPICIOUS_MOVE = YES;
				CLANG_WARN_UNREACHABLE_CODE = YES;
				CLANG_WARN__DUPLICATE_METHOD_MATCH = YES;
				"CODE_SIGN_IDENTITY[sdk=iphoneos*]" = "iPhone Developer";
				COPY_PHASE_STRIP = NO;
				DEBUG_INFORMATION_FORMAT = "dwarf-with-dsym";
				ENABLE_STRICT_OBJC_MSGSEND = YES;
				ENABLE_TESTABILITY = YES;
				GCC_C_LANGUAGE_STANDARD = gnu99;
				GCC_DYNAMIC_NO_PIC = NO;
				GCC_NO_COMMON_BLOCKS = YES;
				GCC_OPTIMIZATION_LEVEL = 0;
				GCC_PREPROCESSOR_DEFINITIONS = (
					"DEBUG=1",
					"$(inherited)",
				);
				GCC_SYMBOLS_PRIVATE_EXTERN = NO;
				GCC_WARN_64_TO_32_BIT_CONVERSION = YES;
				GCC_WARN_ABOUT_RETURN_TYPE = YES_ERROR;
				GCC_WARN_UNDECLARED_SELECTOR = YES;
				GCC_WARN_UNINITIALIZED_AUTOS = YES_AGGRESSIVE;
				GCC_WARN_UNUSED_FUNCTION = YES;
				GCC_WARN_UNUSED_VARIABLE = YES;
				IPHONEOS_DEPLOYMENT_TARGET = 8.3;
				MTL_ENABLE_DEBUG_INFO = YES;
				ONLY_ACTIVE_ARCH = YES;
				SDKROOT = iphoneos;
				SWIFT_OPTIMIZATION_LEVEL = "-Onone";
				TARGETED_DEVICE_FAMILY = "1,2";
			};
			name = Debug;
		};
		6D7EB8731B01E34B001D08D3 /* Release */ = {
			isa = XCBuildConfiguration;
			buildSettings = {
				ALWAYS_SEARCH_USER_PATHS = NO;
				CLANG_CXX_LANGUAGE_STANDARD = "gnu++0x";
				CLANG_CXX_LIBRARY = "libc++";
				CLANG_ENABLE_MODULES = YES;
				CLANG_ENABLE_OBJC_ARC = YES;
				CLANG_WARN_BOOL_CONVERSION = YES;
				CLANG_WARN_CONSTANT_CONVERSION = YES;
				CLANG_WARN_DIRECT_OBJC_ISA_USAGE = YES_ERROR;
				CLANG_WARN_EMPTY_BODY = YES;
				CLANG_WARN_ENUM_CONVERSION = YES;
				CLANG_WARN_INFINITE_RECURSION = YES;
				CLANG_WARN_INT_CONVERSION = YES;
				CLANG_WARN_OBJC_ROOT_CLASS = YES_ERROR;
				CLANG_WARN_SUSPICIOUS_MOVE = YES;
				CLANG_WARN_UNREACHABLE_CODE = YES;
				CLANG_WARN__DUPLICATE_METHOD_MATCH = YES;
				"CODE_SIGN_IDENTITY[sdk=iphoneos*]" = "iPhone Developer";
				COPY_PHASE_STRIP = NO;
				DEBUG_INFORMATION_FORMAT = "dwarf-with-dsym";
				ENABLE_NS_ASSERTIONS = NO;
				ENABLE_STRICT_OBJC_MSGSEND = YES;
				GCC_C_LANGUAGE_STANDARD = gnu99;
				GCC_NO_COMMON_BLOCKS = YES;
				GCC_WARN_64_TO_32_BIT_CONVERSION = YES;
				GCC_WARN_ABOUT_RETURN_TYPE = YES_ERROR;
				GCC_WARN_UNDECLARED_SELECTOR = YES;
				GCC_WARN_UNINITIALIZED_AUTOS = YES_AGGRESSIVE;
				GCC_WARN_UNUSED_FUNCTION = YES;
				GCC_WARN_UNUSED_VARIABLE = YES;
				IPHONEOS_DEPLOYMENT_TARGET = 8.3;
				MTL_ENABLE_DEBUG_INFO = NO;
				SDKROOT = iphoneos;
				TARGETED_DEVICE_FAMILY = "1,2";
				VALIDATE_PRODUCT = YES;
			};
			name = Release;
		};
		6D7EB8751B01E34B001D08D3 /* Debug */ = {
			isa = XCBuildConfiguration;
			buildSettings = {
				ASSETCATALOG_COMPILER_APPICON_NAME = AppIcon;
				INFOPLIST_FILE = SwiftThicknessPicker/Info.plist;
				LD_RUNPATH_SEARCH_PATHS = "$(inherited) @executable_path/Frameworks";
				PRODUCT_BUNDLE_IDENTIFIER = "maximbilan.$(PRODUCT_NAME:rfc1034identifier)";
				PRODUCT_NAME = "$(TARGET_NAME)";
				SWIFT_VERSION = 3.0;
			};
			name = Debug;
		};
		6D7EB8761B01E34B001D08D3 /* Release */ = {
			isa = XCBuildConfiguration;
			buildSettings = {
				ASSETCATALOG_COMPILER_APPICON_NAME = AppIcon;
				INFOPLIST_FILE = SwiftThicknessPicker/Info.plist;
				LD_RUNPATH_SEARCH_PATHS = "$(inherited) @executable_path/Frameworks";
				PRODUCT_BUNDLE_IDENTIFIER = "maximbilan.$(PRODUCT_NAME:rfc1034identifier)";
				PRODUCT_NAME = "$(TARGET_NAME)";
				SWIFT_OPTIMIZATION_LEVEL = "-Owholemodule";
				SWIFT_VERSION = 3.0;
			};
			name = Release;
		};
		6D7EB8781B01E34B001D08D3 /* Debug */ = {
			isa = XCBuildConfiguration;
			buildSettings = {
				BUNDLE_LOADER = "$(TEST_HOST)";
				GCC_PREPROCESSOR_DEFINITIONS = (
					"DEBUG=1",
					"$(inherited)",
				);
				INFOPLIST_FILE = SwiftThicknessPickerTests/Info.plist;
				LD_RUNPATH_SEARCH_PATHS = "$(inherited) @executable_path/Frameworks @loader_path/Frameworks";
				PRODUCT_BUNDLE_IDENTIFIER = "maximbilan.$(PRODUCT_NAME:rfc1034identifier)";
				PRODUCT_NAME = "$(TARGET_NAME)";
				SWIFT_VERSION = 3.0;
				TEST_HOST = "$(BUILT_PRODUCTS_DIR)/SwiftThicknessPicker.app/SwiftThicknessPicker";
			};
			name = Debug;
		};
		6D7EB8791B01E34B001D08D3 /* Release */ = {
			isa = XCBuildConfiguration;
			buildSettings = {
				BUNDLE_LOADER = "$(TEST_HOST)";
				INFOPLIST_FILE = SwiftThicknessPickerTests/Info.plist;
				LD_RUNPATH_SEARCH_PATHS = "$(inherited) @executable_path/Frameworks @loader_path/Frameworks";
				PRODUCT_BUNDLE_IDENTIFIER = "maximbilan.$(PRODUCT_NAME:rfc1034identifier)";
				PRODUCT_NAME = "$(TARGET_NAME)";
				SWIFT_OPTIMIZATION_LEVEL = "-Owholemodule";
				SWIFT_VERSION = 3.0;
				TEST_HOST = "$(BUILT_PRODUCTS_DIR)/SwiftThicknessPicker.app/SwiftThicknessPicker";
			};
			name = Release;
		};
/* End XCBuildConfiguration section */

/* Begin XCConfigurationList section */
		6D7EB8501B01E34B001D08D3 /* Build configuration list for PBXProject "SwiftThicknessPicker" */ = {
			isa = XCConfigurationList;
			buildConfigurations = (
				6D7EB8721B01E34B001D08D3 /* Debug */,
				6D7EB8731B01E34B001D08D3 /* Release */,
			);
			defaultConfigurationIsVisible = 0;
			defaultConfigurationName = Release;
		};
		6D7EB8741B01E34B001D08D3 /* Build configuration list for PBXNativeTarget "SwiftThicknessPicker" */ = {
			isa = XCConfigurationList;
			buildConfigurations = (
				6D7EB8751B01E34B001D08D3 /* Debug */,
				6D7EB8761B01E34B001D08D3 /* Release */,
			);
			defaultConfigurationIsVisible = 0;
			defaultConfigurationName = Release;
		};
		6D7EB8771B01E34B001D08D3 /* Build configuration list for PBXNativeTarget "SwiftThicknessPickerTests" */ = {
			isa = XCConfigurationList;
			buildConfigurations = (
				6D7EB8781B01E34B001D08D3 /* Debug */,
				6D7EB8791B01E34B001D08D3 /* Release */,
			);
			defaultConfigurationIsVisible = 0;
			defaultConfigurationName = Release;
		};
/* End XCConfigurationList section */
	};
	rootObject = 6D7EB84D1B01E34B001D08D3 /* Project object */;
}
